
Microsoft Visual Studio Solution File, Format Version 11.00
# Visual Studio 2010
Project("{FAE04EC0-301F-11D3-BF4B-00C04F79EFBC}") = "2d-tutorial", "Assembly-CSharp.csproj", "{A7438734-7D8D-B814-F64C-58245B4184FE}"
EndProject
Project("{FAE04EC0-301F-11D3-BF4B-00C04F79EFBC}") = "2d-tutorial", "Assembly-CSharp-Editor.csproj", "{A6A77630-DB79-A4E6-2291-21B598C8BBBD}"
EndProject
Global
	GlobalSection(SolutionConfigurationPlatforms) = preSolution
		Debug|Any CPU = Debug|Any CPU
		Release|Any CPU = Release|Any CPU
	EndGlobalSection
	GlobalSection(ProjectConfigurationPlatforms) = postSolution
		{A7438734-7D8D-B814-F64C-58245B4184FE}.Debug|Any CPU.ActiveCfg = Debug|Any CPU
		{A7438734-7D8D-B814-F64C-58245B4184FE}.Debug|Any CPU.Build.0 = Debug|Any CPU
		{A7438734-7D8D-B814-F64C-58245B4184FE}.Release|Any CPU.ActiveCfg = Release|Any CPU
		{A7438734-7D8D-B814-F64C-58245B4184FE}.Release|Any CPU.Build.0 = Release|Any CPU
		{A6A77630-DB79-A4E6-2291-21B598C8BBBD}.Debug|Any CPU.ActiveCfg = Debug|Any CPU
		{A6A77630-DB79-A4E6-2291-21B598C8BBBD}.Debug|Any CPU.Build.0 = Debug|Any CPU
		{A6A77630-DB79-A4E6-2291-21B598C8BBBD}.Release|Any CPU.ActiveCfg = Release|Any CPU
		{A6A77630-DB79-A4E6-2291-21B598C8BBBD}.Release|Any CPU.Build.0 = Release|Any CPU
	EndGlobalSection
	GlobalSection(SolutionProperties) = preSolution
		HideSolutionNode = FALSE
	EndGlobalSection
	GlobalSection(MonoDevelopProperties) = preSolution
		StartupItem = Assembly-CSharp.csproj
	EndGlobalSection
EndGlobal
